# This file is generated by running "yarn install" inside your project.
# Manual changes might be lost - proceed with caution!

__metadata:
  version: 6
  cacheKey: 8

"czg@npm:^1.4.1":
  version: 1.4.1
  resolution: "czg@npm:1.4.1"
  bin:
    czg: bin/index.js
    git-czg: bin/index.js
  checksum: 739d9c053456be45d43ac17d17e9acf73e3372fa1652dd21a594e719ff06504912c02f5feed554b9b4371a436f0127115752f52ced6ea0b0271abfe8cd4f8fbc
  languageName: node
  linkType: hard

"czgit-playground@workspace:.":
  version: 0.0.0-use.local
  resolution: "czgit-playground@workspace:."
  dependencies:
    czg: ^1.4.1
  languageName: unknown
  linkType: soft
